
Microsoft Visual Studio Solution File, Format Version 12.00
# Visual Studio Version 17
VisualStudioVersion = 17.0.31903.59
MinimumVisualStudioVersion = 10.0.40219.1
Project("{2150E333-8FDC-42A3-9474-1A3956D46DE8}") = "src", "src", "{827E0CD3-B72D-47B6-A68D-7590B98EB39B}"
EndProject
Project("{FAE04EC0-301F-11D3-BF4B-00C04F79EFBC}") = "Infrastructure", "src\Infrastructure\Infrastructure.csproj", "{CED9D990-8168-4A26-A9A4-F350432D16EF}"
EndProject
Project("{FAE04EC0-301F-11D3-BF4B-00C04F79EFBC}") = "BccSafety.Tests", "tests\BccSafety.Tests.csproj", "{6770275A-9A03-4BEC-B4C8-0A17034B9AB0}"
EndProject
Project("{FAE04EC0-301F-11D3-BF4B-00C04F79EFBC}") = "Api", "src\Api\Api.csproj", "{F1713FBB-C82E-4652-B02A-BEE2EA37A592}"
EndProject
Global
	GlobalSection(SolutionConfigurationPlatforms) = preSolution
		Debug|Any CPU = Debug|Any CPU
		Debug|x64 = Debug|x64
		Debug|x86 = Debug|x86
		Release|Any CPU = Release|Any CPU
		Release|x64 = Release|x64
		Release|x86 = Release|x86
	EndGlobalSection
	GlobalSection(ProjectConfigurationPlatforms) = postSolution
		{CED9D990-8168-4A26-A9A4-F350432D16EF}.Debug|Any CPU.ActiveCfg = Debug|Any CPU
		{CED9D990-8168-4A26-A9A4-F350432D16EF}.Debug|Any CPU.Build.0 = Debug|Any CPU
		{CED9D990-8168-4A26-A9A4-F350432D16EF}.Debug|x64.ActiveCfg = Debug|Any CPU
		{CED9D990-8168-4A26-A9A4-F350432D16EF}.Debug|x64.Build.0 = Debug|Any CPU
		{CED9D990-8168-4A26-A9A4-F350432D16EF}.Debug|x86.ActiveCfg = Debug|Any CPU
		{CED9D990-8168-4A26-A9A4-F350432D16EF}.Debug|x86.Build.0 = Debug|Any CPU
		{CED9D990-8168-4A26-A9A4-F350432D16EF}.Release|Any CPU.ActiveCfg = Release|Any CPU
		{CED9D990-8168-4A26-A9A4-F350432D16EF}.Release|Any CPU.Build.0 = Release|Any CPU
		{CED9D990-8168-4A26-A9A4-F350432D16EF}.Release|x64.ActiveCfg = Release|Any CPU
		{CED9D990-8168-4A26-A9A4-F350432D16EF}.Release|x64.Build.0 = Release|Any CPU
		{CED9D990-8168-4A26-A9A4-F350432D16EF}.Release|x86.ActiveCfg = Release|Any CPU
		{CED9D990-8168-4A26-A9A4-F350432D16EF}.Release|x86.Build.0 = Release|Any CPU
		{6770275A-9A03-4BEC-B4C8-0A17034B9AB0}.Debug|Any CPU.ActiveCfg = Debug|Any CPU
		{6770275A-9A03-4BEC-B4C8-0A17034B9AB0}.Debug|Any CPU.Build.0 = Debug|Any CPU
		{6770275A-9A03-4BEC-B4C8-0A17034B9AB0}.Debug|x64.ActiveCfg = Debug|Any CPU
		{6770275A-9A03-4BEC-B4C8-0A17034B9AB0}.Debug|x64.Build.0 = Debug|Any CPU
		{6770275A-9A03-4BEC-B4C8-0A17034B9AB0}.Debug|x86.ActiveCfg = Debug|Any CPU
		{6770275A-9A03-4BEC-B4C8-0A17034B9AB0}.Debug|x86.Build.0 = Debug|Any CPU
		{6770275A-9A03-4BEC-B4C8-0A17034B9AB0}.Release|Any CPU.ActiveCfg = Release|Any CPU
		{6770275A-9A03-4BEC-B4C8-0A17034B9AB0}.Release|Any CPU.Build.0 = Release|Any CPU
		{6770275A-9A03-4BEC-B4C8-0A17034B9AB0}.Release|x64.ActiveCfg = Release|Any CPU
		{6770275A-9A03-4BEC-B4C8-0A17034B9AB0}.Release|x64.Build.0 = Release|Any CPU
		{6770275A-9A03-4BEC-B4C8-0A17034B9AB0}.Release|x86.ActiveCfg = Release|Any CPU
		{6770275A-9A03-4BEC-B4C8-0A17034B9AB0}.Release|x86.Build.0 = Release|Any CPU
		{F1713FBB-C82E-4652-B02A-BEE2EA37A592}.Debug|Any CPU.ActiveCfg = Debug|Any CPU
		{F1713FBB-C82E-4652-B02A-BEE2EA37A592}.Debug|Any CPU.Build.0 = Debug|Any CPU
		{F1713FBB-C82E-4652-B02A-BEE2EA37A592}.Debug|x64.ActiveCfg = Debug|Any CPU
		{F1713FBB-C82E-4652-B02A-BEE2EA37A592}.Debug|x64.Build.0 = Debug|Any CPU
		{F1713FBB-C82E-4652-B02A-BEE2EA37A592}.Debug|x86.ActiveCfg = Debug|Any CPU
		{F1713FBB-C82E-4652-B02A-BEE2EA37A592}.Debug|x86.Build.0 = Debug|Any CPU
		{F1713FBB-C82E-4652-B02A-BEE2EA37A592}.Release|Any CPU.ActiveCfg = Release|Any CPU
		{F1713FBB-C82E-4652-B02A-BEE2EA37A592}.Release|Any CPU.Build.0 = Release|Any CPU
		{F1713FBB-C82E-4652-B02A-BEE2EA37A592}.Release|x64.ActiveCfg = Release|Any CPU
		{F1713FBB-C82E-4652-B02A-BEE2EA37A592}.Release|x64.Build.0 = Release|Any CPU
		{F1713FBB-C82E-4652-B02A-BEE2EA37A592}.Release|x86.ActiveCfg = Release|Any CPU
		{F1713FBB-C82E-4652-B02A-BEE2EA37A592}.Release|x86.Build.0 = Release|Any CPU
	EndGlobalSection
	GlobalSection(SolutionProperties) = preSolution
		HideSolutionNode = FALSE
	EndGlobalSection
	GlobalSection(NestedProjects) = preSolution
		{CED9D990-8168-4A26-A9A4-F350432D16EF} = {827E0CD3-B72D-47B6-A68D-7590B98EB39B}
		{6770275A-9A03-4BEC-B4C8-0A17034B9AB0} = {827E0CD3-B72D-47B6-A68D-7590B98EB39B}
		{F1713FBB-C82E-4652-B02A-BEE2EA37A592} = {827E0CD3-B72D-47B6-A68D-7590B98EB39B}
	EndGlobalSection
EndGlobal
